
Microsoft Visual Studio Solution File, Format Version 12.00
# Visual Studio Version 17
VisualStudioVersion = 17.2.32519.379
MinimumVisualStudioVersion = 10.0.40219.1
Project("{FAE04EC0-301F-11D3-BF4B-00C04F79EFBC}") = "styling_qrcode", "styling_qrcode.csproj", "{0DAFF1DF-875F-4EDA-A886-5D8CED6D32ED}"
EndProject
Global
	GlobalSection(SolutionConfigurationPlatforms) = preSolution
		Debug|Any CPU = Debug|Any CPU
		Release|Any CPU = Release|Any CPU
	EndGlobalSection
	GlobalSection(ProjectConfigurationPlatforms) = postSolution
		{0DAFF1DF-875F-4EDA-A886-5D8CED6D32ED}.Debug|Any CPU.ActiveCfg = Debug|Any CPU
		{0DAFF1DF-875F-4EDA-A886-5D8CED6D32ED}.Debug|Any CPU.Build.0 = Debug|Any CPU
		{0DAFF1DF-875F-4EDA-A886-5D8CED6D32ED}.Release|Any CPU.ActiveCfg = Release|Any CPU
		{0DAFF1DF-875F-4EDA-A886-5D8CED6D32ED}.Release|Any CPU.Build.0 = Release|Any CPU
	EndGlobalSection
	GlobalSection(SolutionProperties) = preSolution
		HideSolutionNode = FALSE
	EndGlobalSection
	GlobalSection(ExtensibilityGlobals) = postSolution
		SolutionGuid = {D1522239-2363-447D-BC7B-11038CA668A5}
	EndGlobalSection
EndGlobal
