
Microsoft Visual Studio Solution File, Format Version 12.00
# Visual Studio Version 16
VisualStudioVersion = 16.0.30204.135
MinimumVisualStudioVersion = 10.0.40219.1
Project("{FAE04EC0-301F-11D3-BF4B-00C04F79EFBC}") = "CoreApiReadAppSettings", "CoreApiReadAppSettings.csproj", "{74E57823-578D-4005-9557-2E3BBB72B645}"
EndProject
Global
	GlobalSection(SolutionConfigurationPlatforms) = preSolution
		Debug|Any CPU = Debug|Any CPU
		Release|Any CPU = Release|Any CPU
	EndGlobalSection
	GlobalSection(ProjectConfigurationPlatforms) = postSolution
		{74E57823-578D-4005-9557-2E3BBB72B645}.Debug|Any CPU.ActiveCfg = Debug|Any CPU
		{74E57823-578D-4005-9557-2E3BBB72B645}.Debug|Any CPU.Build.0 = Debug|Any CPU
		{74E57823-578D-4005-9557-2E3BBB72B645}.Release|Any CPU.ActiveCfg = Release|Any CPU
		{74E57823-578D-4005-9557-2E3BBB72B645}.Release|Any CPU.Build.0 = Release|Any CPU
	EndGlobalSection
	GlobalSection(SolutionProperties) = preSolution
		HideSolutionNode = FALSE
	EndGlobalSection
	GlobalSection(ExtensibilityGlobals) = postSolution
		SolutionGuid = {4BC79229-B972-4ED9-8B91-05B48AD9CBA1}
	EndGlobalSection
EndGlobal
