
Microsoft Visual Studio Solution File, Format Version 12.00
# Visual Studio Version 16
VisualStudioVersion = 16.0.30204.135
MinimumVisualStudioVersion = 10.0.40219.1
Project("{FAE04EC0-301F-11D3-BF4B-00C04F79EFBC}") = "ValidationMessageValidationSummaryTagHelper_Demo", "ValidationMessageValidationSummaryTagHelper_Demo.csproj", "{B3D0C4DF-9900-436F-990C-13809DDCC446}"
EndProject
Global
	GlobalSection(SolutionConfigurationPlatforms) = preSolution
		Debug|Any CPU = Debug|Any CPU
		Release|Any CPU = Release|Any CPU
	EndGlobalSection
	GlobalSection(ProjectConfigurationPlatforms) = postSolution
		{B3D0C4DF-9900-436F-990C-13809DDCC446}.Debug|Any CPU.ActiveCfg = Debug|Any CPU
		{B3D0C4DF-9900-436F-990C-13809DDCC446}.Debug|Any CPU.Build.0 = Debug|Any CPU
		{B3D0C4DF-9900-436F-990C-13809DDCC446}.Release|Any CPU.ActiveCfg = Release|Any CPU
		{B3D0C4DF-9900-436F-990C-13809DDCC446}.Release|Any CPU.Build.0 = Release|Any CPU
	EndGlobalSection
	GlobalSection(SolutionProperties) = preSolution
		HideSolutionNode = FALSE
	EndGlobalSection
	GlobalSection(ExtensibilityGlobals) = postSolution
		SolutionGuid = {41635EE6-5FBA-4639-9D0B-070D33AD44EF}
	EndGlobalSection
EndGlobal
